
Microsoft Visual Studio Solution File, Format Version 12.00
# Visual Studio Version 17
VisualStudioVersion = 17.11.35208.52
MinimumVisualStudioVersion = 10.0.40219.1
Project("{FAE04EC0-301F-11D3-BF4B-00C04F79EFBC}") = "razor130example", "razor130example\razor130example.csproj", "{96BD65D5-E0D1-4E3B-8E10-73EAF2B3871B}"
EndProject
Global
	GlobalSection(SolutionConfigurationPlatforms) = preSolution
		Debug|Any CPU = Debug|Any CPU
		Release|Any CPU = Release|Any CPU
	EndGlobalSection
	GlobalSection(ProjectConfigurationPlatforms) = postSolution
		{96BD65D5-E0D1-4E3B-8E10-73EAF2B3871B}.Debug|Any CPU.ActiveCfg = Debug|Any CPU
		{96BD65D5-E0D1-4E3B-8E10-73EAF2B3871B}.Debug|Any CPU.Build.0 = Debug|Any CPU
		{96BD65D5-E0D1-4E3B-8E10-73EAF2B3871B}.Release|Any CPU.ActiveCfg = Release|Any CPU
		{96BD65D5-E0D1-4E3B-8E10-73EAF2B3871B}.Release|Any CPU.Build.0 = Release|Any CPU
	EndGlobalSection
	GlobalSection(SolutionProperties) = preSolution
		HideSolutionNode = FALSE
	EndGlobalSection
	GlobalSection(ExtensibilityGlobals) = postSolution
		SolutionGuid = {CB6CBEA5-1361-4731-91E9-AC76389D2184}
	EndGlobalSection
EndGlobal
